%{
  "ex_parameterized": {:hex, :ex_parameterized, "1.3.7", "801f85fc4651cb51f11b9835864c6ed8c5e5d79b1253506b5bb5421e8ab2f050", [:mix], [], "hexpm", "1fb0dc4aa9e8c12ae23806d03bcd64a5a0fc9cd3f4c5602ba72561c9b54a625c"},
  "jason": {:hex, :jason, "1.4.0", "e855647bc964a44e2f67df589ccf49105ae039d4179db7f6271dfd3843dc27e6", [:mix], [{:decimal, "~> 1.0 or ~> 2.0", [hex: :decimal, repo: "hexpm", optional: true]}], "hexpm", "79a3791085b2a0f743ca04cec0f7be26443738779d09302e01318f97bdb82121"},
}
